
Microsoft Visual Studio Solution File, Format Version 12.00
# Visual Studio Version 16
VisualStudioVersion = 16.0.30406.217
MinimumVisualStudioVersion = 10.0.40219.1
Project("{F184B08F-C81C-45F6-A57F-5ABD9991F28F}") = "WORK4-HW2", "HW2\WORK4-HW2.vbproj", "{A057F51E-8058-4A35-84B9-C40C658B9221}"
EndProject
Project("{F184B08F-C81C-45F6-A57F-5ABD9991F28F}") = "WORK3-WK2", "WORK3-WK2\WORK3-WK2.vbproj", "{1AEBFF71-9A23-4645-BB1B-7497177BE642}"
EndProject
Project("{F184B08F-C81C-45F6-A57F-5ABD9991F28F}") = "WORK5-LAB", "WORK5-LAB\WORK5-LAB.vbproj", "{2A9AF16B-0B8A-4964-8335-DC570A0B0DDF}"
EndProject
Project("{F184B08F-C81C-45F6-A57F-5ABD9991F28F}") = "WORK6-LAB-Radio", "WORK6-LAB-Radio\WORK6-LAB-Radio.vbproj", "{F044C3D5-834E-42C2-8724-4B36F72D29FD}"
EndProject
Project("{F184B08F-C81C-45F6-A57F-5ABD9991F28F}") = "Test01", "Test01\Test01.vbproj", "{144D2983-FF20-411D-BD69-2A47F6E2E1AF}"
EndProject
Project("{F184B08F-C81C-45F6-A57F-5ABD9991F28F}") = "WORK7-HW3", "WORK7-HW3\WORK7-HW3.vbproj", "{E0813E61-72BF-4AFC-8DC9-0BFB50005973}"
EndProject
Project("{F184B08F-C81C-45F6-A57F-5ABD9991F28F}") = "WORK8", "WORK8\WORK8.vbproj", "{A6086CAA-D7E1-46BE-A877-A50DD8599C86}"
EndProject
Project("{F184B08F-C81C-45F6-A57F-5ABD9991F28F}") = "WORK9", "WORK9\WORK9.vbproj", "{F13E0BA3-EF2E-4A7B-B1F0-AF31F5AC2455}"
EndProject
Project("{F184B08F-C81C-45F6-A57F-5ABD9991F28F}") = "WORK10", "WORK10\WORK10.vbproj", "{DFBD0DA4-FCEC-4AB0-8FF7-B8AC8FF64877}"
EndProject
Project("{F184B08F-C81C-45F6-A57F-5ABD9991F28F}") = "WORK12", "WORK12\WORK12.vbproj", "{5A82B941-46FC-4678-9295-243E414AF0ED}"
EndProject
Project("{F184B08F-C81C-45F6-A57F-5ABD9991F28F}") = "Array", "Array\Array.vbproj", "{290428C6-53D7-491D-A8A1-3BD89F00CF36}"
EndProject
Project("{F184B08F-C81C-45F6-A57F-5ABD9991F28F}") = "WORK11", "WORK11\WORK11.vbproj", "{845EC33F-2E5F-4E52-A3D6-900A4243AF00}"
EndProject
Global
	GlobalSection(SolutionConfigurationPlatforms) = preSolution
		Debug|Any CPU = Debug|Any CPU
		Release|Any CPU = Release|Any CPU
	EndGlobalSection
	GlobalSection(ProjectConfigurationPlatforms) = postSolution
		{A057F51E-8058-4A35-84B9-C40C658B9221}.Debug|Any CPU.ActiveCfg = Debug|Any CPU
		{A057F51E-8058-4A35-84B9-C40C658B9221}.Debug|Any CPU.Build.0 = Debug|Any CPU
		{A057F51E-8058-4A35-84B9-C40C658B9221}.Release|Any CPU.ActiveCfg = Release|Any CPU
		{A057F51E-8058-4A35-84B9-C40C658B9221}.Release|Any CPU.Build.0 = Release|Any CPU
		{1AEBFF71-9A23-4645-BB1B-7497177BE642}.Debug|Any CPU.ActiveCfg = Debug|Any CPU
		{1AEBFF71-9A23-4645-BB1B-7497177BE642}.Debug|Any CPU.Build.0 = Debug|Any CPU
		{1AEBFF71-9A23-4645-BB1B-7497177BE642}.Release|Any CPU.ActiveCfg = Release|Any CPU
		{1AEBFF71-9A23-4645-BB1B-7497177BE642}.Release|Any CPU.Build.0 = Release|Any CPU
		{2A9AF16B-0B8A-4964-8335-DC570A0B0DDF}.Debug|Any CPU.ActiveCfg = Debug|Any CPU
		{2A9AF16B-0B8A-4964-8335-DC570A0B0DDF}.Debug|Any CPU.Build.0 = Debug|Any CPU
		{2A9AF16B-0B8A-4964-8335-DC570A0B0DDF}.Release|Any CPU.ActiveCfg = Release|Any CPU
		{2A9AF16B-0B8A-4964-8335-DC570A0B0DDF}.Release|Any CPU.Build.0 = Release|Any CPU
		{F044C3D5-834E-42C2-8724-4B36F72D29FD}.Debug|Any CPU.ActiveCfg = Debug|Any CPU
		{F044C3D5-834E-42C2-8724-4B36F72D29FD}.Debug|Any CPU.Build.0 = Debug|Any CPU
		{F044C3D5-834E-42C2-8724-4B36F72D29FD}.Release|Any CPU.ActiveCfg = Release|Any CPU
		{F044C3D5-834E-42C2-8724-4B36F72D29FD}.Release|Any CPU.Build.0 = Release|Any CPU
		{144D2983-FF20-411D-BD69-2A47F6E2E1AF}.Debug|Any CPU.ActiveCfg = Debug|Any CPU
		{144D2983-FF20-411D-BD69-2A47F6E2E1AF}.Debug|Any CPU.Build.0 = Debug|Any CPU
		{144D2983-FF20-411D-BD69-2A47F6E2E1AF}.Release|Any CPU.ActiveCfg = Release|Any CPU
		{144D2983-FF20-411D-BD69-2A47F6E2E1AF}.Release|Any CPU.Build.0 = Release|Any CPU
		{E0813E61-72BF-4AFC-8DC9-0BFB50005973}.Debug|Any CPU.ActiveCfg = Debug|Any CPU
		{E0813E61-72BF-4AFC-8DC9-0BFB50005973}.Debug|Any CPU.Build.0 = Debug|Any CPU
		{E0813E61-72BF-4AFC-8DC9-0BFB50005973}.Release|Any CPU.ActiveCfg = Release|Any CPU
		{E0813E61-72BF-4AFC-8DC9-0BFB50005973}.Release|Any CPU.Build.0 = Release|Any CPU
		{A6086CAA-D7E1-46BE-A877-A50DD8599C86}.Debug|Any CPU.ActiveCfg = Debug|Any CPU
		{A6086CAA-D7E1-46BE-A877-A50DD8599C86}.Debug|Any CPU.Build.0 = Debug|Any CPU
		{A6086CAA-D7E1-46BE-A877-A50DD8599C86}.Release|Any CPU.ActiveCfg = Release|Any CPU
		{A6086CAA-D7E1-46BE-A877-A50DD8599C86}.Release|Any CPU.Build.0 = Release|Any CPU
		{F13E0BA3-EF2E-4A7B-B1F0-AF31F5AC2455}.Debug|Any CPU.ActiveCfg = Debug|Any CPU
		{F13E0BA3-EF2E-4A7B-B1F0-AF31F5AC2455}.Debug|Any CPU.Build.0 = Debug|Any CPU
		{F13E0BA3-EF2E-4A7B-B1F0-AF31F5AC2455}.Release|Any CPU.ActiveCfg = Release|Any CPU
		{F13E0BA3-EF2E-4A7B-B1F0-AF31F5AC2455}.Release|Any CPU.Build.0 = Release|Any CPU
		{DFBD0DA4-FCEC-4AB0-8FF7-B8AC8FF64877}.Debug|Any CPU.ActiveCfg = Debug|Any CPU
		{DFBD0DA4-FCEC-4AB0-8FF7-B8AC8FF64877}.Debug|Any CPU.Build.0 = Debug|Any CPU
		{DFBD0DA4-FCEC-4AB0-8FF7-B8AC8FF64877}.Release|Any CPU.ActiveCfg = Release|Any CPU
		{DFBD0DA4-FCEC-4AB0-8FF7-B8AC8FF64877}.Release|Any CPU.Build.0 = Release|Any CPU
		{5A82B941-46FC-4678-9295-243E414AF0ED}.Debug|Any CPU.ActiveCfg = Debug|Any CPU
		{5A82B941-46FC-4678-9295-243E414AF0ED}.Debug|Any CPU.Build.0 = Debug|Any CPU
		{5A82B941-46FC-4678-9295-243E414AF0ED}.Release|Any CPU.ActiveCfg = Release|Any CPU
		{5A82B941-46FC-4678-9295-243E414AF0ED}.Release|Any CPU.Build.0 = Release|Any CPU
		{290428C6-53D7-491D-A8A1-3BD89F00CF36}.Debug|Any CPU.ActiveCfg = Debug|Any CPU
		{290428C6-53D7-491D-A8A1-3BD89F00CF36}.Debug|Any CPU.Build.0 = Debug|Any CPU
		{290428C6-53D7-491D-A8A1-3BD89F00CF36}.Release|Any CPU.ActiveCfg = Release|Any CPU
		{290428C6-53D7-491D-A8A1-3BD89F00CF36}.Release|Any CPU.Build.0 = Release|Any CPU
		{845EC33F-2E5F-4E52-A3D6-900A4243AF00}.Debug|Any CPU.ActiveCfg = Debug|Any CPU
		{845EC33F-2E5F-4E52-A3D6-900A4243AF00}.Debug|Any CPU.Build.0 = Debug|Any CPU
		{845EC33F-2E5F-4E52-A3D6-900A4243AF00}.Release|Any CPU.ActiveCfg = Release|Any CPU
		{845EC33F-2E5F-4E52-A3D6-900A4243AF00}.Release|Any CPU.Build.0 = Release|Any CPU
	EndGlobalSection
	GlobalSection(SolutionProperties) = preSolution
		HideSolutionNode = FALSE
	EndGlobalSection
	GlobalSection(ExtensibilityGlobals) = postSolution
		SolutionGuid = {E5DE8262-E73E-4A4A-963B-634A7A00AAEE}
	EndGlobalSection
EndGlobal
