
Microsoft Visual Studio Solution File, Format Version 12.00
# Visual Studio Version 16
VisualStudioVersion = 16.0.30406.217
MinimumVisualStudioVersion = 10.0.40219.1
Project("{F184B08F-C81C-45F6-A57F-5ABD9991F28F}") = "WORK4-HW2", "HW2\WORK4-HW2.vbproj", "{A057F51E-8058-4A35-84B9-C40C658B9221}"
EndProject
Project("{F184B08F-C81C-45F6-A57F-5ABD9991F28F}") = "WORK3-WK2", "WORK3-WK2\WORK3-WK2.vbproj", "{1AEBFF71-9A23-4645-BB1B-7497177BE642}"
EndProject
Project("{F184B08F-C81C-45F6-A57F-5ABD9991F28F}") = "WORK5-LAB", "WORK5-LAB\WORK5-LAB.vbproj", "{2A9AF16B-0B8A-4964-8335-DC570A0B0DDF}"
EndProject
Project("{F184B08F-C81C-45F6-A57F-5ABD9991F28F}") = "WORK6-LAB-Radio", "WORK6-LAB-Radio\WORK6-LAB-Radio.vbproj", "{F044C3D5-834E-42C2-8724-4B36F72D29FD}"
EndProject
Project("{F184B08F-C81C-45F6-A57F-5ABD9991F28F}") = "Test01", "Test01\Test01.vbproj", "{144D2983-FF20-411D-BD69-2A47F6E2E1AF}"
EndProject
Global
	GlobalSection(SolutionConfigurationPlatforms) = preSolution
		Debug|Any CPU = Debug|Any CPU
		Release|Any CPU = Release|Any CPU
	EndGlobalSection
	GlobalSection(ProjectConfigurationPlatforms) = postSolution
		{A057F51E-8058-4A35-84B9-C40C658B9221}.Debug|Any CPU.ActiveCfg = Debug|Any CPU
		{A057F51E-8058-4A35-84B9-C40C658B9221}.Debug|Any CPU.Build.0 = Debug|Any CPU
		{A057F51E-8058-4A35-84B9-C40C658B9221}.Release|Any CPU.ActiveCfg = Release|Any CPU
		{A057F51E-8058-4A35-84B9-C40C658B9221}.Release|Any CPU.Build.0 = Release|Any CPU
		{1AEBFF71-9A23-4645-BB1B-7497177BE642}.Debug|Any CPU.ActiveCfg = Debug|Any CPU
		{1AEBFF71-9A23-4645-BB1B-7497177BE642}.Debug|Any CPU.Build.0 = Debug|Any CPU
		{1AEBFF71-9A23-4645-BB1B-7497177BE642}.Release|Any CPU.ActiveCfg = Release|Any CPU
		{1AEBFF71-9A23-4645-BB1B-7497177BE642}.Release|Any CPU.Build.0 = Release|Any CPU
		{2A9AF16B-0B8A-4964-8335-DC570A0B0DDF}.Debug|Any CPU.ActiveCfg = Debug|Any CPU
		{2A9AF16B-0B8A-4964-8335-DC570A0B0DDF}.Debug|Any CPU.Build.0 = Debug|Any CPU
		{2A9AF16B-0B8A-4964-8335-DC570A0B0DDF}.Release|Any CPU.ActiveCfg = Release|Any CPU
		{2A9AF16B-0B8A-4964-8335-DC570A0B0DDF}.Release|Any CPU.Build.0 = Release|Any CPU
		{F044C3D5-834E-42C2-8724-4B36F72D29FD}.Debug|Any CPU.ActiveCfg = Debug|Any CPU
		{F044C3D5-834E-42C2-8724-4B36F72D29FD}.Debug|Any CPU.Build.0 = Debug|Any CPU
		{F044C3D5-834E-42C2-8724-4B36F72D29FD}.Release|Any CPU.ActiveCfg = Release|Any CPU
		{F044C3D5-834E-42C2-8724-4B36F72D29FD}.Release|Any CPU.Build.0 = Release|Any CPU
		{144D2983-FF20-411D-BD69-2A47F6E2E1AF}.Debug|Any CPU.ActiveCfg = Debug|Any CPU
		{144D2983-FF20-411D-BD69-2A47F6E2E1AF}.Debug|Any CPU.Build.0 = Debug|Any CPU
		{144D2983-FF20-411D-BD69-2A47F6E2E1AF}.Release|Any CPU.ActiveCfg = Release|Any CPU
		{144D2983-FF20-411D-BD69-2A47F6E2E1AF}.Release|Any CPU.Build.0 = Release|Any CPU
	EndGlobalSection
	GlobalSection(SolutionProperties) = preSolution
		HideSolutionNode = FALSE
	EndGlobalSection
	GlobalSection(ExtensibilityGlobals) = postSolution
		SolutionGuid = {E5DE8262-E73E-4A4A-963B-634A7A00AAEE}
	EndGlobalSection
EndGlobal
